{
  "name": "chart",
  "version": "1.0.0",
  "lockfileVersion": 1,
  "requires": true,
  "dependencies": {
    "chart.js": {
      "version": "3.7.1",
      "resolved": "https://registry.npmjs.org/chart.js/-/chart.js-3.7.1.tgz",
      "integrity": "sha512-8knRegQLFnPQAheZV8MjxIXc5gQEfDFD897BJgv/klO/vtIyFFmgMXrNfgrXpbTr/XbTturxRgxIXx/Y+ASJBA=="
    },
    "expressjs": {
      "version": "1.0.1",
      "resolved": "https://registry.npmjs.org/expressjs/-/expressjs-1.0.1.tgz",
      "integrity": "sha1-IgMoRpoY31rWFeK3oM6ZXxf7ru8="
    }
  }
}
